// !$*UTF8*$!
{
	archiveVersion = 1;
	classes = {
	};
	objectVersion = 46;
	objects = {

/* Begin PBXBuildFile section */
		EC036D841994B7A700F500EE /* Foundation.framework in Frameworks */ = {isa = PBXBuildFile; fileRef = EC036D831994B7A700F500EE /* Foundation.framework */; };
		EC036D861994B7A700F500EE /* CoreGraphics.framework in Frameworks */ = {isa = PBXBuildFile; fileRef = EC036D851994B7A700F500EE /* CoreGraphics.framework */; };
		EC036D881994B7A700F500EE /* UIKit.framework in Frameworks */ = {isa = PBXBuildFile; fileRef = EC036D871994B7A700F500EE /* UIKit.framework */; };
		EC036D8E1994B7A700F500EE /* InfoPlist.strings in Resources */ = {isa = PBXBuildFile; fileRef = EC036D8C1994B7A700F500EE /* InfoPlist.strings */; };
		EC036D901994B7A700F500EE /* main.m in Sources */ = {isa = PBXBuildFile; fileRef = EC036D8F1994B7A700F500EE /* main.m */; };
		EC036D941994B7A700F500EE /* HRAppDelegate.m in Sources */ = {isa = PBXBuildFile; fileRef = EC036D931994B7A700F500EE /* HRAppDelegate.m */; };
		EC036D971994B7A700F500EE /* Main.storyboard in Resources */ = {isa = PBXBuildFile; fileRef = EC036D951994B7A700F500EE /* Main.storyboard */; };
		EC036D9A1994B7A700F500EE /* HRViewController.m in Sources */ = {isa = PBXBuildFile; fileRef = EC036D991994B7A700F500EE /* HRViewController.m */; };
		EC036D9C1994B7A700F500EE /* Images.xcassets in Resources */ = {isa = PBXBuildFile; fileRef = EC036D9B1994B7A700F500EE /* Images.xcassets */; };
		EC036DA31994B7A700F500EE /* XCTest.framework in Frameworks */ = {isa = PBXBuildFile; fileRef = EC036DA21994B7A700F500EE /* XCTest.framework */; };
		EC036DA41994B7A700F500EE /* Foundation.framework in Frameworks */ = {isa = PBXBuildFile; fileRef = EC036D831994B7A700F500EE /* Foundation.framework */; };
		EC036DA51994B7A700F500EE /* UIKit.framework in Frameworks */ = {isa = PBXBuildFile; fileRef = EC036D871994B7A700F500EE /* UIKit.framework */; };
		EC036DAD1994B7A700F500EE /* InfoPlist.strings in Resources */ = {isa = PBXBuildFile; fileRef = EC036DAB1994B7A700F500EE /* InfoPlist.strings */; };
		EC036DAF1994B7A700F500EE /* HugRetrieverTests.m in Sources */ = {isa = PBXBuildFile; fileRef = EC036DAE1994B7A700F500EE /* HugRetrieverTests.m */; };
		EC5D910D1996228600898925 /* libBeaniOSLibrary.a in Frameworks */ = {isa = PBXBuildFile; fileRef = EC8B68801994C8CF00900800 /* libBeaniOSLibrary.a */; };
/* End PBXBuildFile section */

/* Begin PBXContainerItemProxy section */
		EC036DA61994B7A700F500EE /* PBXContainerItemProxy */ = {
			isa = PBXContainerItemProxy;
			containerPortal = EC036D781994B7A700F500EE /* Project object */;
			proxyType = 1;
			remoteGlobalIDString = EC036D7F1994B7A700F500EE;
			remoteInfo = HugRetriever;
		};
		EC8B687B1994C8CF00900800 /* PBXContainerItemProxy */ = {
			isa = PBXContainerItemProxy;
			containerPortal = EC036DC51994B8FA00F500EE /* Bean OSX Library.xcodeproj */;
			proxyType = 2;
			remoteGlobalIDString = 52D34E2418A9B455002F0C59;
			remoteInfo = "Bean OSX Library";
		};
		EC8B687D1994C8CF00900800 /* PBXContainerItemProxy */ = {
			isa = PBXContainerItemProxy;
			containerPortal = EC036DC51994B8FA00F500EE /* Bean OSX Library.xcodeproj */;
			proxyType = 2;
			remoteGlobalIDString = 52D34E3718A9B455002F0C59;
			remoteInfo = "Bean OSX LibraryTests";
		};
		EC8B687F1994C8CF00900800 /* PBXContainerItemProxy */ = {
			isa = PBXContainerItemProxy;
			containerPortal = EC036DC51994B8FA00F500EE /* Bean OSX Library.xcodeproj */;
			proxyType = 2;
			remoteGlobalIDString = 969B89481908951F00AA093C;
			remoteInfo = "Bean iOS Library";
		};
		ECEC37F81996224500D53820 /* PBXContainerItemProxy */ = {
			isa = PBXContainerItemProxy;
			containerPortal = EC036DC51994B8FA00F500EE /* Bean OSX Library.xcodeproj */;
			proxyType = 1;
			remoteGlobalIDString = 969B89471908951F00AA093C;
			remoteInfo = BeaniOSLibrary;
		};
/* End PBXContainerItemProxy section */

/* Begin PBXFileReference section */
		EC036D801994B7A700F500EE /* HugRetriever.app */ = {isa = PBXFileReference; explicitFileType = wrapper.application; includeInIndex = 0; path = HugRetriever.app; sourceTree = BUILT_PRODUCTS_DIR; };
		EC036D831994B7A700F500EE /* Foundation.framework */ = {isa = PBXFileReference; lastKnownFileType = wrapper.framework; name = Foundation.framework; path = System/Library/Frameworks/Foundation.framework; sourceTree = SDKROOT; };
		EC036D851994B7A700F500EE /* CoreGraphics.framework */ = {isa = PBXFileReference; lastKnownFileType = wrapper.framework; name = CoreGraphics.framework; path = System/Library/Frameworks/CoreGraphics.framework; sourceTree = SDKROOT; };
		EC036D871994B7A700F500EE /* UIKit.framework */ = {isa = PBXFileReference; lastKnownFileType = wrapper.framework; name = UIKit.framework; path = System/Library/Frameworks/UIKit.framework; sourceTree = SDKROOT; };
		EC036D8B1994B7A700F500EE /* HugRetriever-Info.plist */ = {isa = PBXFileReference; lastKnownFileType = text.plist.xml; path = "HugRetriever-Info.plist"; sourceTree = "<group>"; };
		EC036D8D1994B7A700F500EE /* en */ = {isa = PBXFileReference; lastKnownFileType = text.plist.strings; name = en; path = en.lproj/InfoPlist.strings; sourceTree = "<group>"; };
		EC036D8F1994B7A700F500EE /* main.m */ = {isa = PBXFileReference; lastKnownFileType = sourcecode.c.objc; path = main.m; sourceTree = "<group>"; };
		EC036D911994B7A700F500EE /* HugRetriever-Prefix.pch */ = {isa = PBXFileReference; lastKnownFileType = sourcecode.c.h; path = "HugRetriever-Prefix.pch"; sourceTree = "<group>"; };
		EC036D921994B7A700F500EE /* HRAppDelegate.h */ = {isa = PBXFileReference; lastKnownFileType = sourcecode.c.h; path = HRAppDelegate.h; sourceTree = "<group>"; };
		EC036D931994B7A700F500EE /* HRAppDelegate.m */ = {isa = PBXFileReference; lastKnownFileType = sourcecode.c.objc; path = HRAppDelegate.m; sourceTree = "<group>"; };
		EC036D961994B7A700F500EE /* Base */ = {isa = PBXFileReference; lastKnownFileType = file.storyboard; name = Base; path = Base.lproj/Main.storyboard; sourceTree = "<group>"; };
		EC036D981994B7A700F500EE /* HRViewController.h */ = {isa = PBXFileReference; lastKnownFileType = sourcecode.c.h; path = HRViewController.h; sourceTree = "<group>"; };
		EC036D991994B7A700F500EE /* HRViewController.m */ = {isa = PBXFileReference; lastKnownFileType = sourcecode.c.objc; path = HRViewController.m; sourceTree = "<group>"; };
		EC036D9B1994B7A700F500EE /* Images.xcassets */ = {isa = PBXFileReference; lastKnownFileType = folder.assetcatalog; path = Images.xcassets; sourceTree = "<group>"; };
		EC036DA11994B7A700F500EE /* HugRetrieverTests.xctest */ = {isa = PBXFileReference; explicitFileType = wrapper.cfbundle; includeInIndex = 0; path = HugRetrieverTests.xctest; sourceTree = BUILT_PRODUCTS_DIR; };
		EC036DA21994B7A700F500EE /* XCTest.framework */ = {isa = PBXFileReference; lastKnownFileType = wrapper.framework; name = XCTest.framework; path = Library/Frameworks/XCTest.framework; sourceTree = DEVELOPER_DIR; };
		EC036DAA1994B7A700F500EE /* HugRetrieverTests-Info.plist */ = {isa = PBXFileReference; lastKnownFileType = text.plist.xml; path = "HugRetrieverTests-Info.plist"; sourceTree = "<group>"; };
		EC036DAC1994B7A700F500EE /* en */ = {isa = PBXFileReference; lastKnownFileType = text.plist.strings; name = en; path = en.lproj/InfoPlist.strings; sourceTree = "<group>"; };
		EC036DAE1994B7A700F500EE /* HugRetrieverTests.m */ = {isa = PBXFileReference; lastKnownFileType = sourcecode.c.objc; path = HugRetrieverTests.m; sourceTree = "<group>"; };
		EC036DC51994B8FA00F500EE /* Bean OSX Library.xcodeproj */ = {isa = PBXFileReference; lastKnownFileType = "wrapper.pb-project"; name = "Bean OSX Library.xcodeproj"; path = "../Bean-iOS-OSX-SDK/Bean OSX Static Library/Bean OSX Library.xcodeproj"; sourceTree = "<group>"; };
		EC036DD21994B93B00F500EE /* libBean iOS Library.a */ = {isa = PBXFileReference; lastKnownFileType = archive.ar; name = "libBean iOS Library.a"; path = "../Bean-iOS-OSX-SDK/Bean OSX Static Library/build/Debug/libBean iOS Library.a"; sourceTree = "<group>"; };
/* End PBXFileReference section */

/* Begin PBXFrameworksBuildPhase section */
		EC036D7D1994B7A700F500EE /* Frameworks */ = {
			isa = PBXFrameworksBuildPhase;
			buildActionMask = 2147483647;
			files = (
				EC5D910D1996228600898925 /* libBeaniOSLibrary.a in Frameworks */,
				EC036D861994B7A700F500EE /* CoreGraphics.framework in Frameworks */,
				EC036D881994B7A700F500EE /* UIKit.framework in Frameworks */,
				EC036D841994B7A700F500EE /* Foundation.framework in Frameworks */,
			);
			runOnlyForDeploymentPostprocessing = 0;
		};
		EC036D9E1994B7A700F500EE /* Frameworks */ = {
			isa = PBXFrameworksBuildPhase;
			buildActionMask = 2147483647;
			files = (
				EC036DA31994B7A700F500EE /* XCTest.framework in Frameworks */,
				EC036DA51994B7A700F500EE /* UIKit.framework in Frameworks */,
				EC036DA41994B7A700F500EE /* Foundation.framework in Frameworks */,
			);
			runOnlyForDeploymentPostprocessing = 0;
		};
/* End PBXFrameworksBuildPhase section */

/* Begin PBXGroup section */
		EC036D771994B7A700F500EE = {
			isa = PBXGroup;
			children = (
				EC036DC51994B8FA00F500EE /* Bean OSX Library.xcodeproj */,
				EC036D891994B7A700F500EE /* HugRetriever */,
				EC036DA81994B7A700F500EE /* HugRetrieverTests */,
				EC036D821994B7A700F500EE /* Frameworks */,
				EC036D811994B7A700F500EE /* Products */,
			);
			sourceTree = "<group>";
		};
		EC036D811994B7A700F500EE /* Products */ = {
			isa = PBXGroup;
			children = (
				EC036D801994B7A700F500EE /* HugRetriever.app */,
				EC036DA11994B7A700F500EE /* HugRetrieverTests.xctest */,
			);
			name = Products;
			sourceTree = "<group>";
		};
		EC036D821994B7A700F500EE /* Frameworks */ = {
			isa = PBXGroup;
			children = (
				EC036DD21994B93B00F500EE /* libBean iOS Library.a */,
				EC036D831994B7A700F500EE /* Foundation.framework */,
				EC036D851994B7A700F500EE /* CoreGraphics.framework */,
				EC036D871994B7A700F500EE /* UIKit.framework */,
				EC036DA21994B7A700F500EE /* XCTest.framework */,
			);
			name = Frameworks;
			sourceTree = "<group>";
		};
		EC036D891994B7A700F500EE /* HugRetriever */ = {
			isa = PBXGroup;
			children = (
				EC036D921994B7A700F500EE /* HRAppDelegate.h */,
				EC036D931994B7A700F500EE /* HRAppDelegate.m */,
				EC036D951994B7A700F500EE /* Main.storyboard */,
				EC036D981994B7A700F500EE /* HRViewController.h */,
				EC036D991994B7A700F500EE /* HRViewController.m */,
				EC036D9B1994B7A700F500EE /* Images.xcassets */,
				EC036D8A1994B7A700F500EE /* Supporting Files */,
			);
			path = HugRetriever;
			sourceTree = "<group>";
		};
		EC036D8A1994B7A700F500EE /* Supporting Files */ = {
			isa = PBXGroup;
			children = (
				EC036D8B1994B7A700F500EE /* HugRetriever-Info.plist */,
				EC036D8C1994B7A700F500EE /* InfoPlist.strings */,
				EC036D8F1994B7A700F500EE /* main.m */,
				EC036D911994B7A700F500EE /* HugRetriever-Prefix.pch */,
			);
			name = "Supporting Files";
			sourceTree = "<group>";
		};
		EC036DA81994B7A700F500EE /* HugRetrieverTests */ = {
			isa = PBXGroup;
			children = (
				EC036DAE1994B7A700F500EE /* HugRetrieverTests.m */,
				EC036DA91994B7A700F500EE /* Supporting Files */,
			);
			path = HugRetrieverTests;
			sourceTree = "<group>";
		};
		EC036DA91994B7A700F500EE /* Supporting Files */ = {
			isa = PBXGroup;
			children = (
				EC036DAA1994B7A700F500EE /* HugRetrieverTests-Info.plist */,
				EC036DAB1994B7A700F500EE /* InfoPlist.strings */,
			);
			name = "Supporting Files";
			sourceTree = "<group>";
		};
		EC8B68751994C8CF00900800 /* Products */ = {
			isa = PBXGroup;
			children = (
				EC8B687C1994C8CF00900800 /* libBean OSX Library.a */,
				EC8B687E1994C8CF00900800 /* Bean OSX LibraryTests.xctest */,
				EC8B68801994C8CF00900800 /* libBeaniOSLibrary.a */,
			);
			name = Products;
			sourceTree = "<group>";
		};
/* End PBXGroup section */

/* Begin PBXNativeTarget section */
		EC036D7F1994B7A700F500EE /* HugRetriever */ = {
			isa = PBXNativeTarget;
			buildConfigurationList = EC036DB21994B7A700F500EE /* Build configuration list for PBXNativeTarget "HugRetriever" */;
			buildPhases = (
				EC036D7C1994B7A700F500EE /* Sources */,
				EC036D7D1994B7A700F500EE /* Frameworks */,
				EC036D7E1994B7A700F500EE /* Resources */,
			);
			buildRules = (
			);
			dependencies = (
				ECEC37F91996224500D53820 /* PBXTargetDependency */,
			);
			name = HugRetriever;
			productName = HugRetriever;
			productReference = EC036D801994B7A700F500EE /* HugRetriever.app */;
			productType = "com.apple.product-type.application";
		};
		EC036DA01994B7A700F500EE /* HugRetrieverTests */ = {
			isa = PBXNativeTarget;
			buildConfigurationList = EC036DB51994B7A700F500EE /* Build configuration list for PBXNativeTarget "HugRetrieverTests" */;
			buildPhases = (
				EC036D9D1994B7A700F500EE /* Sources */,
				EC036D9E1994B7A700F500EE /* Frameworks */,
				EC036D9F1994B7A700F500EE /* Resources */,
			);
			buildRules = (
			);
			dependencies = (
				EC036DA71994B7A700F500EE /* PBXTargetDependency */,
			);
			name = HugRetrieverTests;
			productName = HugRetrieverTests;
			productReference = EC036DA11994B7A700F500EE /* HugRetrieverTests.xctest */;
			productType = "com.apple.product-type.bundle.unit-test";
		};
/* End PBXNativeTarget section */

/* Begin PBXProject section */
		EC036D781994B7A700F500EE /* Project object */ = {
			isa = PBXProject;
			attributes = {
				CLASSPREFIX = HR;
				LastUpgradeCheck = 0510;
				ORGANIZATIONNAME = "Gustavo Ambrozio";
				TargetAttributes = {
					EC036DA01994B7A700F500EE = {
						TestTargetID = EC036D7F1994B7A700F500EE;
					};
				};
			};
			buildConfigurationList = EC036D7B1994B7A700F500EE /* Build configuration list for PBXProject "HugRetriever" */;
			compatibilityVersion = "Xcode 3.2";
			developmentRegion = English;
			hasScannedForEncodings = 0;
			knownRegions = (
				en,
				Base,
			);
			mainGroup = EC036D771994B7A700F500EE;
			productRefGroup = EC036D811994B7A700F500EE /* Products */;
			projectDirPath = "";
			projectReferences = (
				{
					ProductGroup = EC8B68751994C8CF00900800 /* Products */;
					ProjectRef = EC036DC51994B8FA00F500EE /* Bean OSX Library.xcodeproj */;
				},
			);
			projectRoot = "";
			targets = (
				EC036D7F1994B7A700F500EE /* HugRetriever */,
				EC036DA01994B7A700F500EE /* HugRetrieverTests */,
			);
		};
/* End PBXProject section */

/* Begin PBXReferenceProxy section */
		EC8B687C1994C8CF00900800 /* libBean OSX Library.a */ = {
			isa = PBXReferenceProxy;
			fileType = archive.ar;
			path = "libBean OSX Library.a";
			remoteRef = EC8B687B1994C8CF00900800 /* PBXContainerItemProxy */;
			sourceTree = BUILT_PRODUCTS_DIR;
		};
		EC8B687E1994C8CF00900800 /* Bean OSX LibraryTests.xctest */ = {
			isa = PBXReferenceProxy;
			fileType = wrapper.cfbundle;
			path = "Bean OSX LibraryTests.xctest";
			remoteRef = EC8B687D1994C8CF00900800 /* PBXContainerItemProxy */;
			sourceTree = BUILT_PRODUCTS_DIR;
		};
		EC8B68801994C8CF00900800 /* libBeaniOSLibrary.a */ = {
			isa = PBXReferenceProxy;
			fileType = archive.ar;
			path = libBeaniOSLibrary.a;
			remoteRef = EC8B687F1994C8CF00900800 /* PBXContainerItemProxy */;
			sourceTree = BUILT_PRODUCTS_DIR;
		};
/* End PBXReferenceProxy section */

/* Begin PBXResourcesBuildPhase section */
		EC036D7E1994B7A700F500EE /* Resources */ = {
			isa = PBXResourcesBuildPhase;
			buildActionMask = 2147483647;
			files = (
				EC036D9C1994B7A700F500EE /* Images.xcassets in Resources */,
				EC036D8E1994B7A700F500EE /* InfoPlist.strings in Resources */,
				EC036D971994B7A700F500EE /* Main.storyboard in Resources */,
			);
			runOnlyForDeploymentPostprocessing = 0;
		};
		EC036D9F1994B7A700F500EE /* Resources */ = {
			isa = PBXResourcesBuildPhase;
			buildActionMask = 2147483647;
			files = (
				EC036DAD1994B7A700F500EE /* InfoPlist.strings in Resources */,
			);
			runOnlyForDeploymentPostprocessing = 0;
		};
/* End PBXResourcesBuildPhase section */

/* Begin PBXSourcesBuildPhase section */
		EC036D7C1994B7A700F500EE /* Sources */ = {
			isa = PBXSourcesBuildPhase;
			buildActionMask = 2147483647;
			files = (
				EC036D9A1994B7A700F500EE /* HRViewController.m in Sources */,
				EC036D941994B7A700F500EE /* HRAppDelegate.m in Sources */,
				EC036D901994B7A700F500EE /* main.m in Sources */,
			);
			runOnlyForDeploymentPostprocessing = 0;
		};
		EC036D9D1994B7A700F500EE /* Sources */ = {
			isa = PBXSourcesBuildPhase;
			buildActionMask = 2147483647;
			files = (
				EC036DAF1994B7A700F500EE /* HugRetrieverTests.m in Sources */,
			);
			runOnlyForDeploymentPostprocessing = 0;
		};
/* End PBXSourcesBuildPhase section */

/* Begin PBXTargetDependency section */
		EC036DA71994B7A700F500EE /* PBXTargetDependency */ = {
			isa = PBXTargetDependency;
			target = EC036D7F1994B7A700F500EE /* HugRetriever */;
			targetProxy = EC036DA61994B7A700F500EE /* PBXContainerItemProxy */;
		};
		ECEC37F91996224500D53820 /* PBXTargetDependency */ = {
			isa = PBXTargetDependency;
			name = BeaniOSLibrary;
			targetProxy = ECEC37F81996224500D53820 /* PBXContainerItemProxy */;
		};
/* End PBXTargetDependency section */

/* Begin PBXVariantGroup section */
		EC036D8C1994B7A700F500EE /* InfoPlist.strings */ = {
			isa = PBXVariantGroup;
			children = (
				EC036D8D1994B7A700F500EE /* en */,
			);
			name = InfoPlist.strings;
			sourceTree = "<group>";
		};
		EC036D951994B7A700F500EE /* Main.storyboard */ = {
			isa = PBXVariantGroup;
			children = (
				EC036D961994B7A700F500EE /* Base */,
			);
			name = Main.storyboard;
			sourceTree = "<group>";
		};
		EC036DAB1994B7A700F500EE /* InfoPlist.strings */ = {
			isa = PBXVariantGroup;
			children = (
				EC036DAC1994B7A700F500EE /* en */,
			);
			name = InfoPlist.strings;
			sourceTree = "<group>";
		};
/* End PBXVariantGroup section */

/* Begin XCBuildConfiguration section */
		EC036DB01994B7A700F500EE /* Debug */ = {
			isa = XCBuildConfiguration;
			buildSettings = {
				ALWAYS_SEARCH_USER_PATHS = NO;
				CLANG_CXX_LANGUAGE_STANDARD = "gnu++0x";
				CLANG_CXX_LIBRARY = "libc++";
				CLANG_ENABLE_MODULES = YES;
				CLANG_ENABLE_OBJC_ARC = YES;
				CLANG_WARN_BOOL_CONVERSION = YES;
				CLANG_WARN_CONSTANT_CONVERSION = YES;
				CLANG_WARN_DIRECT_OBJC_ISA_USAGE = YES_ERROR;
				CLANG_WARN_EMPTY_BODY = YES;
				CLANG_WARN_ENUM_CONVERSION = YES;
				CLANG_WARN_INT_CONVERSION = YES;
				CLANG_WARN_OBJC_ROOT_CLASS = YES_ERROR;
				CLANG_WARN__DUPLICATE_METHOD_MATCH = YES;
				"CODE_SIGN_IDENTITY[sdk=iphoneos*]" = "iPhone Developer";
				COPY_PHASE_STRIP = NO;
				GCC_C_LANGUAGE_STANDARD = gnu99;
				GCC_DYNAMIC_NO_PIC = NO;
				GCC_OPTIMIZATION_LEVEL = 0;
				GCC_PREPROCESSOR_DEFINITIONS = (
					"DEBUG=1",
					"$(inherited)",
				);
				GCC_SYMBOLS_PRIVATE_EXTERN = NO;
				GCC_WARN_64_TO_32_BIT_CONVERSION = YES;
				GCC_WARN_ABOUT_RETURN_TYPE = YES_ERROR;
				GCC_WARN_UNDECLARED_SELECTOR = YES;
				GCC_WARN_UNINITIALIZED_AUTOS = YES_AGGRESSIVE;
				GCC_WARN_UNUSED_FUNCTION = YES;
				GCC_WARN_UNUSED_VARIABLE = YES;
				HEADER_SEARCH_PATHS = (
					"$(inherited)",
					"/Users/gustavo/Development/Bean-iOS-OSX-SDK/source/Public/",
					/Applications/Xcode.app/Contents/Developer/Toolchains/XcodeDefault.xctoolchain/usr/include,
				);
				IPHONEOS_DEPLOYMENT_TARGET = 7.1;
				ONLY_ACTIVE_ARCH = YES;
				OTHER_LDFLAGS = "-ObjC";
				SDKROOT = iphoneos;
			};
			name = Debug;
		};
		EC036DB11994B7A700F500EE /* Release */ = {
			isa = XCBuildConfiguration;
			buildSettings = {
				ALWAYS_SEARCH_USER_PATHS = NO;
				CLANG_CXX_LANGUAGE_STANDARD = "gnu++0x";
				CLANG_CXX_LIBRARY = "libc++";
				CLANG_ENABLE_MODULES = YES;
				CLANG_ENABLE_OBJC_ARC = YES;
				CLANG_WARN_BOOL_CONVERSION = YES;
				CLANG_WARN_CONSTANT_CONVERSION = YES;
				CLANG_WARN_DIRECT_OBJC_ISA_USAGE = YES_ERROR;
				CLANG_WARN_EMPTY_BODY = YES;
				CLANG_WARN_ENUM_CONVERSION = YES;
				CLANG_WARN_INT_CONVERSION = YES;
				CLANG_WARN_OBJC_ROOT_CLASS = YES_ERROR;
				CLANG_WARN__DUPLICATE_METHOD_MATCH = YES;
				"CODE_SIGN_IDENTITY[sdk=iphoneos*]" = "iPhone Developer";
				COPY_PHASE_STRIP = YES;
				ENABLE_NS_ASSERTIONS = NO;
				GCC_C_LANGUAGE_STANDARD = gnu99;
				GCC_WARN_64_TO_32_BIT_CONVERSION = YES;
				GCC_WARN_ABOUT_RETURN_TYPE = YES_ERROR;
				GCC_WARN_UNDECLARED_SELECTOR = YES;
				GCC_WARN_UNINITIALIZED_AUTOS = YES_AGGRESSIVE;
				GCC_WARN_UNUSED_FUNCTION = YES;
				GCC_WARN_UNUSED_VARIABLE = YES;
				HEADER_SEARCH_PATHS = (
					"$(inherited)",
					"/Users/gustavo/Development/Bean-iOS-OSX-SDK/source/Public/",
					/Applications/Xcode.app/Contents/Developer/Toolchains/XcodeDefault.xctoolchain/usr/include,
				);
				IPHONEOS_DEPLOYMENT_TARGET = 7.1;
				OTHER_LDFLAGS = "-ObjC";
				SDKROOT = iphoneos;
				VALIDATE_PRODUCT = YES;
			};
			name = Release;
		};
		EC036DB31994B7A700F500EE /* Debug */ = {
			isa = XCBuildConfiguration;
			buildSettings = {
				ASSETCATALOG_COMPILER_APPICON_NAME = AppIcon;
				ASSETCATALOG_COMPILER_LAUNCHIMAGE_NAME = LaunchImage;
				GCC_PRECOMPILE_PREFIX_HEADER = YES;
				GCC_PREFIX_HEADER = "HugRetriever/HugRetriever-Prefix.pch";
				INFOPLIST_FILE = "HugRetriever/HugRetriever-Info.plist";
				LIBRARY_SEARCH_PATHS = "\"/Users/gustavo/Development/Bean-iOS-OSX-SDK/Bean OSX Static Library\"";
				PRODUCT_NAME = "$(TARGET_NAME)";
				WRAPPER_EXTENSION = app;
			};
			name = Debug;
		};
		EC036DB41994B7A700F500EE /* Release */ = {
			isa = XCBuildConfiguration;
			buildSettings = {
				ASSETCATALOG_COMPILER_APPICON_NAME = AppIcon;
				ASSETCATALOG_COMPILER_LAUNCHIMAGE_NAME = LaunchImage;
				GCC_PRECOMPILE_PREFIX_HEADER = YES;
				GCC_PREFIX_HEADER = "HugRetriever/HugRetriever-Prefix.pch";
				INFOPLIST_FILE = "HugRetriever/HugRetriever-Info.plist";
				LIBRARY_SEARCH_PATHS = "\"/Users/gustavo/Development/Bean-iOS-OSX-SDK/Bean OSX Static Library\"";
				PRODUCT_NAME = "$(TARGET_NAME)";
				WRAPPER_EXTENSION = app;
			};
			name = Release;
		};
		EC036DB61994B7A700F500EE /* Debug */ = {
			isa = XCBuildConfiguration;
			buildSettings = {
				BUNDLE_LOADER = "$(BUILT_PRODUCTS_DIR)/HugRetriever.app/HugRetriever";
				FRAMEWORK_SEARCH_PATHS = (
					"$(SDKROOT)/Developer/Library/Frameworks",
					"$(inherited)",
					"$(DEVELOPER_FRAMEWORKS_DIR)",
				);
				GCC_PRECOMPILE_PREFIX_HEADER = YES;
				GCC_PREFIX_HEADER = "HugRetriever/HugRetriever-Prefix.pch";
				GCC_PREPROCESSOR_DEFINITIONS = (
					"DEBUG=1",
					"$(inherited)",
				);
				INFOPLIST_FILE = "HugRetrieverTests/HugRetrieverTests-Info.plist";
				PRODUCT_NAME = "$(TARGET_NAME)";
				TEST_HOST = "$(BUNDLE_LOADER)";
				WRAPPER_EXTENSION = xctest;
			};
			name = Debug;
		};
		EC036DB71994B7A700F500EE /* Release */ = {
			isa = XCBuildConfiguration;
			buildSettings = {
				BUNDLE_LOADER = "$(BUILT_PRODUCTS_DIR)/HugRetriever.app/HugRetriever";
				FRAMEWORK_SEARCH_PATHS = (
					"$(SDKROOT)/Developer/Library/Frameworks",
					"$(inherited)",
					"$(DEVELOPER_FRAMEWORKS_DIR)",
				);
				GCC_PRECOMPILE_PREFIX_HEADER = YES;
				GCC_PREFIX_HEADER = "HugRetriever/HugRetriever-Prefix.pch";
				INFOPLIST_FILE = "HugRetrieverTests/HugRetrieverTests-Info.plist";
				PRODUCT_NAME = "$(TARGET_NAME)";
				TEST_HOST = "$(BUNDLE_LOADER)";
				WRAPPER_EXTENSION = xctest;
			};
			name = Release;
		};
/* End XCBuildConfiguration section */

/* Begin XCConfigurationList section */
		EC036D7B1994B7A700F500EE /* Build configuration list for PBXProject "HugRetriever" */ = {
			isa = XCConfigurationList;
			buildConfigurations = (
				EC036DB01994B7A700F500EE /* Debug */,
				EC036DB11994B7A700F500EE /* Release */,
			);
			defaultConfigurationIsVisible = 0;
			defaultConfigurationName = Release;
		};
		EC036DB21994B7A700F500EE /* Build configuration list for PBXNativeTarget "HugRetriever" */ = {
			isa = XCConfigurationList;
			buildConfigurations = (
				EC036DB31994B7A700F500EE /* Debug */,
				EC036DB41994B7A700F500EE /* Release */,
			);
			defaultConfigurationIsVisible = 0;
			defaultConfigurationName = Release;
		};
		EC036DB51994B7A700F500EE /* Build configuration list for PBXNativeTarget "HugRetrieverTests" */ = {
			isa = XCConfigurationList;
			buildConfigurations = (
				EC036DB61994B7A700F500EE /* Debug */,
				EC036DB71994B7A700F500EE /* Release */,
			);
			defaultConfigurationIsVisible = 0;
			defaultConfigurationName = Release;
		};
/* End XCConfigurationList section */
	};
	rootObject = EC036D781994B7A700F500EE /* Project object */;
}
